// !$*UTF8*$!
{
	archiveVersion = 1;
	classes = {
	};
	objectVersion = 56;
	objects = {

/* Begin PBXBuildFile section */
		0104A6922C8E71B400C9B86D /* SecondView.swift in Sources */ = {isa = PBXBuildFile; fileRef = 0104A6912C8E71B400C9B86D /* SecondView.swift */; };
		0104A6942C8E76B200C9B86D /* FirstView.swift in Sources */ = {isa = PBXBuildFile; fileRef = 0104A6932C8E76B200C9B86D /* FirstView.swift */; };
		0104A6962C8E7A8A00C9B86D /* ListView.swift in Sources */ = {isa = PBXBuildFile; fileRef = 0104A6952C8E7A8A00C9B86D /* ListView.swift */; };
		0104A6982C8E7C7F00C9B86D /* CountView.swift in Sources */ = {isa = PBXBuildFile; fileRef = 0104A6972C8E7C7F00C9B86D /* CountView.swift */; };
		0104A69A2C8E7F6C00C9B86D /* SaveView.swift in Sources */ = {isa = PBXBuildFile; fileRef = 0104A6992C8E7F6C00C9B86D /* SaveView.swift */; };
		0104A69C2C8EBAC000C9B86D /* ExpenseItem.swift in Sources */ = {isa = PBXBuildFile; fileRef = 0104A69B2C8EBAC000C9B86D /* ExpenseItem.swift */; };
		0104A6A02C8EBCED00C9B86D /* Expenses.swift in Sources */ = {isa = PBXBuildFile; fileRef = 0104A69F2C8EBCED00C9B86D /* Expenses.swift */; };
		0104A6A22C8EBDC800C9B86D /* ExpenseItemList.swift in Sources */ = {isa = PBXBuildFile; fileRef = 0104A6A12C8EBDC800C9B86D /* ExpenseItemList.swift */; };
		0104A6A42C8ECDDB00C9B86D /* ExpenseItemCell.swift in Sources */ = {isa = PBXBuildFile; fileRef = 0104A6A32C8ECDDB00C9B86D /* ExpenseItemCell.swift */; };
		0104A6A72C8EDC6000C9B86D /* AddExpenseView.swift in Sources */ = {isa = PBXBuildFile; fileRef = 0104A6A62C8EDC6000C9B86D /* AddExpenseView.swift */; };
		0104A6A92C8EDE8800C9B86D /* TRMExtensions.swift in Sources */ = {isa = PBXBuildFile; fileRef = 0104A6A82C8EDE8800C9B86D /* TRMExtensions.swift */; };
		019CE52B2C862B8F009ABDD8 /* WeExpenseApp.swift in Sources */ = {isa = PBXBuildFile; fileRef = 019CE52A2C862B8F009ABDD8 /* WeExpenseApp.swift */; };
		019CE52D2C862B8F009ABDD8 /* ContentView.swift in Sources */ = {isa = PBXBuildFile; fileRef = 019CE52C2C862B8F009ABDD8 /* ContentView.swift */; };
		019CE52F2C862B90009ABDD8 /* Assets.xcassets in Resources */ = {isa = PBXBuildFile; fileRef = 019CE52E2C862B90009ABDD8 /* Assets.xcassets */; };
		019CE5322C862B90009ABDD8 /* Preview Assets.xcassets in Resources */ = {isa = PBXBuildFile; fileRef = 019CE5312C862B90009ABDD8 /* Preview Assets.xcassets */; };
		019CE5392C864119009ABDD8 /* User.swift in Sources */ = {isa = PBXBuildFile; fileRef = 019CE5382C864119009ABDD8 /* User.swift */; };
/* End PBXBuildFile section */

/* Begin PBXFileReference section */
		0104A6912C8E71B400C9B86D /* SecondView.swift */ = {isa = PBXFileReference; lastKnownFileType = sourcecode.swift; path = SecondView.swift; sourceTree = "<group>"; };
		0104A6932C8E76B200C9B86D /* FirstView.swift */ = {isa = PBXFileReference; lastKnownFileType = sourcecode.swift; path = FirstView.swift; sourceTree = "<group>"; };
		0104A6952C8E7A8A00C9B86D /* ListView.swift */ = {isa = PBXFileReference; lastKnownFileType = sourcecode.swift; path = ListView.swift; sourceTree = "<group>"; };
		0104A6972C8E7C7F00C9B86D /* CountView.swift */ = {isa = PBXFileReference; lastKnownFileType = sourcecode.swift; path = CountView.swift; sourceTree = "<group>"; };
		0104A6992C8E7F6C00C9B86D /* SaveView.swift */ = {isa = PBXFileReference; fileEncoding = 4; lastKnownFileType = sourcecode.swift; path = SaveView.swift; sourceTree = "<group>"; };
		0104A69B2C8EBAC000C9B86D /* ExpenseItem.swift */ = {isa = PBXFileReference; lastKnownFileType = sourcecode.swift; path = ExpenseItem.swift; sourceTree = "<group>"; };
		0104A69F2C8EBCED00C9B86D /* Expenses.swift */ = {isa = PBXFileReference; lastKnownFileType = sourcecode.swift; path = Expenses.swift; sourceTree = "<group>"; };
		0104A6A12C8EBDC800C9B86D /* ExpenseItemList.swift */ = {isa = PBXFileReference; lastKnownFileType = sourcecode.swift; path = ExpenseItemList.swift; sourceTree = "<group>"; };
		0104A6A32C8ECDDB00C9B86D /* ExpenseItemCell.swift */ = {isa = PBXFileReference; lastKnownFileType = sourcecode.swift; path = ExpenseItemCell.swift; sourceTree = "<group>"; };
		0104A6A62C8EDC6000C9B86D /* AddExpenseView.swift */ = {isa = PBXFileReference; lastKnownFileType = sourcecode.swift; path = AddExpenseView.swift; sourceTree = "<group>"; };
		0104A6A82C8EDE8800C9B86D /* TRMExtensions.swift */ = {isa = PBXFileReference; fileEncoding = 4; lastKnownFileType = sourcecode.swift; name = TRMExtensions.swift; path = ../../../TRMExtensions.swift; sourceTree = "<group>"; };
		019CE5272C862B8F009ABDD8 /* WeExpense.app */ = {isa = PBXFileReference; explicitFileType = wrapper.application; includeInIndex = 0; path = WeExpense.app; sourceTree = BUILT_PRODUCTS_DIR; };
		019CE52A2C862B8F009ABDD8 /* WeExpenseApp.swift */ = {isa = PBXFileReference; lastKnownFileType = sourcecode.swift; path = WeExpenseApp.swift; sourceTree = "<group>"; };
		019CE52C2C862B8F009ABDD8 /* ContentView.swift */ = {isa = PBXFileReference; lastKnownFileType = sourcecode.swift; path = ContentView.swift; sourceTree = "<group>"; };
		019CE52E2C862B90009ABDD8 /* Assets.xcassets */ = {isa = PBXFileReference; lastKnownFileType = folder.assetcatalog; path = Assets.xcassets; sourceTree = "<group>"; };
		019CE5312C862B90009ABDD8 /* Preview Assets.xcassets */ = {isa = PBXFileReference; lastKnownFileType = folder.assetcatalog; path = "Preview Assets.xcassets"; sourceTree = "<group>"; };
		019CE5382C864119009ABDD8 /* User.swift */ = {isa = PBXFileReference; lastKnownFileType = sourcecode.swift; path = User.swift; sourceTree = "<group>"; };
/* End PBXFileReference section */

/* Begin PBXFrameworksBuildPhase section */
		019CE5242C862B8F009ABDD8 /* Frameworks */ = {
			isa = PBXFrameworksBuildPhase;
			buildActionMask = 2147483647;
			files = (
			);
			runOnlyForDeploymentPostprocessing = 0;
		};
/* End PBXFrameworksBuildPhase section */

/* Begin PBXGroup section */
		0104A69D2C8EBC2900C9B86D /* Model */ = {
			isa = PBXGroup;
			children = (
				0104A69F2C8EBCED00C9B86D /* Expenses.swift */,
				0104A69B2C8EBAC000C9B86D /* ExpenseItem.swift */,
				019CE5382C864119009ABDD8 /* User.swift */,
			);
			path = Model;
			sourceTree = "<group>";
		};
		0104A69E2C8EBC3400C9B86D /* Views */ = {
			isa = PBXGroup;
			children = (
				019CE52C2C862B8F009ABDD8 /* ContentView.swift */,
				0104A6A12C8EBDC800C9B86D /* ExpenseItemList.swift */,
				0104A6A32C8ECDDB00C9B86D /* ExpenseItemCell.swift */,
				0104A6A62C8EDC6000C9B86D /* AddExpenseView.swift */,
			);
			path = Views;
			sourceTree = "<group>";
		};
		0104A6A52C8ED65800C9B86D /* LESSON */ = {
			isa = PBXGroup;
			children = (
				0104A6932C8E76B200C9B86D /* FirstView.swift */,
				0104A6992C8E7F6C00C9B86D /* SaveView.swift */,
				0104A6952C8E7A8A00C9B86D /* ListView.swift */,
				0104A6972C8E7C7F00C9B86D /* CountView.swift */,
				0104A6912C8E71B400C9B86D /* SecondView.swift */,
			);
			path = LESSON;
			sourceTree = "<group>";
		};
		019CE51E2C862B8F009ABDD8 = {
			isa = PBXGroup;
			children = (
				019CE5292C862B8F009ABDD8 /* WeExpense */,
				019CE5282C862B8F009ABDD8 /* Products */,
			);
			sourceTree = "<group>";
		};
		019CE5282C862B8F009ABDD8 /* Products */ = {
			isa = PBXGroup;
			children = (
				019CE5272C862B8F009ABDD8 /* WeExpense.app */,
			);
			name = Products;
			sourceTree = "<group>";
		};
		019CE5292C862B8F009ABDD8 /* WeExpense */ = {
			isa = PBXGroup;
			children = (
				019CE52A2C862B8F009ABDD8 /* WeExpenseApp.swift */,
				0104A6A82C8EDE8800C9B86D /* TRMExtensions.swift */,
				0104A69E2C8EBC3400C9B86D /* Views */,
				0104A69D2C8EBC2900C9B86D /* Model */,
				0104A6A52C8ED65800C9B86D /* LESSON */,
				019CE52E2C862B90009ABDD8 /* Assets.xcassets */,
				019CE5302C862B90009ABDD8 /* Preview Content */,
			);
			path = WeExpense;
			sourceTree = "<group>";
		};
		019CE5302C862B90009ABDD8 /* Preview Content */ = {
			isa = PBXGroup;
			children = (
				019CE5312C862B90009ABDD8 /* Preview Assets.xcassets */,
			);
			path = "Preview Content";
			sourceTree = "<group>";
		};
/* End PBXGroup section */

/* Begin PBXNativeTarget section */
		019CE5262C862B8F009ABDD8 /* WeExpense */ = {
			isa = PBXNativeTarget;
			buildConfigurationList = 019CE5352C862B90009ABDD8 /* Build configuration list for PBXNativeTarget "WeExpense" */;
			buildPhases = (
				019CE5232C862B8F009ABDD8 /* Sources */,
				019CE5242C862B8F009ABDD8 /* Frameworks */,
				019CE5252C862B8F009ABDD8 /* Resources */,
			);
			buildRules = (
			);
			dependencies = (
			);
			name = WeExpense;
			productName = WeExpense;
			productReference = 019CE5272C862B8F009ABDD8 /* WeExpense.app */;
			productType = "com.apple.product-type.application";
		};
/* End PBXNativeTarget section */

/* Begin PBXProject section */
		019CE51F2C862B8F009ABDD8 /* Project object */ = {
			isa = PBXProject;
			attributes = {
				BuildIndependentTargetsInParallel = 1;
				LastSwiftUpdateCheck = 1540;
				LastUpgradeCheck = 1540;
				TargetAttributes = {
					019CE5262C862B8F009ABDD8 = {
						CreatedOnToolsVersion = 15.4;
					};
				};
			};
			buildConfigurationList = 019CE5222C862B8F009ABDD8 /* Build configuration list for PBXProject "WeExpense" */;
			compatibilityVersion = "Xcode 14.0";
			developmentRegion = en;
			hasScannedForEncodings = 0;
			knownRegions = (
				en,
				Base,
			);
			mainGroup = 019CE51E2C862B8F009ABDD8;
			productRefGroup = 019CE5282C862B8F009ABDD8 /* Products */;
			projectDirPath = "";
			projectRoot = "";
			targets = (
				019CE5262C862B8F009ABDD8 /* WeExpense */,
			);
		};
/* End PBXProject section */

/* Begin PBXResourcesBuildPhase section */
		019CE5252C862B8F009ABDD8 /* Resources */ = {
			isa = PBXResourcesBuildPhase;
			buildActionMask = 2147483647;
			files = (
				019CE5322C862B90009ABDD8 /* Preview Assets.xcassets in Resources */,
				019CE52F2C862B90009ABDD8 /* Assets.xcassets in Resources */,
			);
			runOnlyForDeploymentPostprocessing = 0;
		};
/* End PBXResourcesBuildPhase section */

/* Begin PBXSourcesBuildPhase section */
		019CE5232C862B8F009ABDD8 /* Sources */ = {
			isa = PBXSourcesBuildPhase;
			buildActionMask = 2147483647;
			files = (
				0104A6A72C8EDC6000C9B86D /* AddExpenseView.swift in Sources */,
				0104A6A02C8EBCED00C9B86D /* Expenses.swift in Sources */,
				019CE52D2C862B8F009ABDD8 /* ContentView.swift in Sources */,
				0104A6982C8E7C7F00C9B86D /* CountView.swift in Sources */,
				0104A6A22C8EBDC800C9B86D /* ExpenseItemList.swift in Sources */,
				0104A6A42C8ECDDB00C9B86D /* ExpenseItemCell.swift in Sources */,
				0104A6942C8E76B200C9B86D /* FirstView.swift in Sources */,
				0104A69A2C8E7F6C00C9B86D /* SaveView.swift in Sources */,
				0104A69C2C8EBAC000C9B86D /* ExpenseItem.swift in Sources */,
				0104A6962C8E7A8A00C9B86D /* ListView.swift in Sources */,
				019CE52B2C862B8F009ABDD8 /* WeExpenseApp.swift in Sources */,
				0104A6A92C8EDE8800C9B86D /* TRMExtensions.swift in Sources */,
				0104A6922C8E71B400C9B86D /* SecondView.swift in Sources */,
				019CE5392C864119009ABDD8 /* User.swift in Sources */,
			);
			runOnlyForDeploymentPostprocessing = 0;
		};
/* End PBXSourcesBuildPhase section */

/* Begin XCBuildConfiguration section */
		019CE5332C862B90009ABDD8 /* Debug */ = {
			isa = XCBuildConfiguration;
			buildSettings = {
				ALWAYS_SEARCH_USER_PATHS = NO;
				ASSETCATALOG_COMPILER_GENERATE_SWIFT_ASSET_SYMBOL_EXTENSIONS = YES;
				CLANG_ANALYZER_NONNULL = YES;
				CLANG_ANALYZER_NUMBER_OBJECT_CONVERSION = YES_AGGRESSIVE;
				CLANG_CXX_LANGUAGE_STANDARD = "gnu++20";
				CLANG_ENABLE_MODULES = YES;
				CLANG_ENABLE_OBJC_ARC = YES;
				CLANG_ENABLE_OBJC_WEAK = YES;
				CLANG_WARN_BLOCK_CAPTURE_AUTORELEASING = YES;
				CLANG_WARN_BOOL_CONVERSION = YES;
				CLANG_WARN_COMMA = YES;
				CLANG_WARN_CONSTANT_CONVERSION = YES;
				CLANG_WARN_DEPRECATED_OBJC_IMPLEMENTATIONS = YES;
				CLANG_WARN_DIRECT_OBJC_ISA_USAGE = YES_ERROR;
				CLANG_WARN_DOCUMENTATION_COMMENTS = YES;
				CLANG_WARN_EMPTY_BODY = YES;
				CLANG_WARN_ENUM_CONVERSION = YES;
				CLANG_WARN_INFINITE_RECURSION = YES;
				CLANG_WARN_INT_CONVERSION = YES;
				CLANG_WARN_NON_LITERAL_NULL_CONVERSION = YES;
				CLANG_WARN_OBJC_IMPLICIT_RETAIN_SELF = YES;
				CLANG_WARN_OBJC_LITERAL_CONVERSION = YES;
				CLANG_WARN_OBJC_ROOT_CLASS = YES_ERROR;
				CLANG_WARN_QUOTED_INCLUDE_IN_FRAMEWORK_HEADER = YES;
				CLANG_WARN_RANGE_LOOP_ANALYSIS = YES;
				CLANG_WARN_STRICT_PROTOTYPES = YES;
				CLANG_WARN_SUSPICIOUS_MOVE = YES;
				CLANG_WARN_UNGUARDED_AVAILABILITY = YES_AGGRESSIVE;
				CLANG_WARN_UNREACHABLE_CODE = YES;
				CLANG_WARN__DUPLICATE_METHOD_MATCH = YES;
				COPY_PHASE_STRIP = NO;
				DEBUG_INFORMATION_FORMAT = dwarf;
				ENABLE_STRICT_OBJC_MSGSEND = YES;
				ENABLE_TESTABILITY = YES;
				ENABLE_USER_SCRIPT_SANDBOXING = YES;
				GCC_C_LANGUAGE_STANDARD = gnu17;
				GCC_DYNAMIC_NO_PIC = NO;
				GCC_NO_COMMON_BLOCKS = YES;
				GCC_OPTIMIZATION_LEVEL = 0;
				GCC_PREPROCESSOR_DEFINITIONS = (
					"DEBUG=1",
					"$(inherited)",
				);
				GCC_WARN_64_TO_32_BIT_CONVERSION = YES;
				GCC_WARN_ABOUT_RETURN_TYPE = YES_ERROR;
				GCC_WARN_UNDECLARED_SELECTOR = YES;
				GCC_WARN_UNINITIALIZED_AUTOS = YES_AGGRESSIVE;
				GCC_WARN_UNUSED_FUNCTION = YES;
				GCC_WARN_UNUSED_VARIABLE = YES;
				IPHONEOS_DEPLOYMENT_TARGET = 17.5;
				LOCALIZATION_PREFERS_STRING_CATALOGS = YES;
				MTL_ENABLE_DEBUG_INFO = INCLUDE_SOURCE;
				MTL_FAST_MATH = YES;
				ONLY_ACTIVE_ARCH = YES;
				SDKROOT = iphoneos;
				SWIFT_ACTIVE_COMPILATION_CONDITIONS = "DEBUG $(inherited)";
				SWIFT_OPTIMIZATION_LEVEL = "-Onone";
			};
			name = Debug;
		};
		019CE5342C862B90009ABDD8 /* Release */ = {
			isa = XCBuildConfiguration;
			buildSettings = {
				ALWAYS_SEARCH_USER_PATHS = NO;
				ASSETCATALOG_COMPILER_GENERATE_SWIFT_ASSET_SYMBOL_EXTENSIONS = YES;
				CLANG_ANALYZER_NONNULL = YES;
				CLANG_ANALYZER_NUMBER_OBJECT_CONVERSION = YES_AGGRESSIVE;
				CLANG_CXX_LANGUAGE_STANDARD = "gnu++20";
				CLANG_ENABLE_MODULES = YES;
				CLANG_ENABLE_OBJC_ARC = YES;
				CLANG_ENABLE_OBJC_WEAK = YES;
				CLANG_WARN_BLOCK_CAPTURE_AUTORELEASING = YES;
				CLANG_WARN_BOOL_CONVERSION = YES;
				CLANG_WARN_COMMA = YES;
				CLANG_WARN_CONSTANT_CONVERSION = YES;
				CLANG_WARN_DEPRECATED_OBJC_IMPLEMENTATIONS = YES;
				CLANG_WARN_DIRECT_OBJC_ISA_USAGE = YES_ERROR;
				CLANG_WARN_DOCUMENTATION_COMMENTS = YES;
				CLANG_WARN_EMPTY_BODY = YES;
				CLANG_WARN_ENUM_CONVERSION = YES;
				CLANG_WARN_INFINITE_RECURSION = YES;
				CLANG_WARN_INT_CONVERSION = YES;
				CLANG_WARN_NON_LITERAL_NULL_CONVERSION = YES;
				CLANG_WARN_OBJC_IMPLICIT_RETAIN_SELF = YES;
				CLANG_WARN_OBJC_LITERAL_CONVERSION = YES;
				CLANG_WARN_OBJC_ROOT_CLASS = YES_ERROR;
				CLANG_WARN_QUOTED_INCLUDE_IN_FRAMEWORK_HEADER = YES;
				CLANG_WARN_RANGE_LOOP_ANALYSIS = YES;
				CLANG_WARN_STRICT_PROTOTYPES = YES;
				CLANG_WARN_SUSPICIOUS_MOVE = YES;
				CLANG_WARN_UNGUARDED_AVAILABILITY = YES_AGGRESSIVE;
				CLANG_WARN_UNREACHABLE_CODE = YES;
				CLANG_WARN__DUPLICATE_METHOD_MATCH = YES;
				COPY_PHASE_STRIP = NO;
				DEBUG_INFORMATION_FORMAT = "dwarf-with-dsym";
				ENABLE_NS_ASSERTIONS = NO;
				ENABLE_STRICT_OBJC_MSGSEND = YES;
				ENABLE_USER_SCRIPT_SANDBOXING = YES;
				GCC_C_LANGUAGE_STANDARD = gnu17;
				GCC_NO_COMMON_BLOCKS = YES;
				GCC_WARN_64_TO_32_BIT_CONVERSION = YES;
				GCC_WARN_ABOUT_RETURN_TYPE = YES_ERROR;
				GCC_WARN_UNDECLARED_SELECTOR = YES;
				GCC_WARN_UNINITIALIZED_AUTOS = YES_AGGRESSIVE;
				GCC_WARN_UNUSED_FUNCTION = YES;
				GCC_WARN_UNUSED_VARIABLE = YES;
				IPHONEOS_DEPLOYMENT_TARGET = 17.5;
				LOCALIZATION_PREFERS_STRING_CATALOGS = YES;
				MTL_ENABLE_DEBUG_INFO = NO;
				MTL_FAST_MATH = YES;
				SDKROOT = iphoneos;
				SWIFT_COMPILATION_MODE = wholemodule;
				VALIDATE_PRODUCT = YES;
			};
			name = Release;
		};
		019CE5362C862B90009ABDD8 /* Debug */ = {
			isa = XCBuildConfiguration;
			buildSettings = {
				ASSETCATALOG_COMPILER_APPICON_NAME = AppIcon;
				ASSETCATALOG_COMPILER_GLOBAL_ACCENT_COLOR_NAME = AccentColor;
				CODE_SIGN_STYLE = Automatic;
				CURRENT_PROJECT_VERSION = 1;
				DEVELOPMENT_ASSET_PATHS = "\"WeExpense/Preview Content\"";
				DEVELOPMENT_TEAM = B9KMJ3NRM7;
				ENABLE_PREVIEWS = YES;
				GENERATE_INFOPLIST_FILE = YES;
				INFOPLIST_KEY_UIApplicationSceneManifest_Generation = YES;
				INFOPLIST_KEY_UIApplicationSupportsIndirectInputEvents = YES;
				INFOPLIST_KEY_UILaunchScreen_Generation = YES;
				INFOPLIST_KEY_UISupportedInterfaceOrientations_iPad = "UIInterfaceOrientationPortrait UIInterfaceOrientationPortraitUpsideDown UIInterfaceOrientationLandscapeLeft UIInterfaceOrientationLandscapeRight";
				INFOPLIST_KEY_UISupportedInterfaceOrientations_iPhone = "UIInterfaceOrientationPortrait UIInterfaceOrientationLandscapeLeft UIInterfaceOrientationLandscapeRight";
				LD_RUNPATH_SEARCH_PATHS = (
					"$(inherited)",
					"@executable_path/Frameworks",
				);
				MARKETING_VERSION = 1.0;
				PRODUCT_BUNDLE_IDENTIFIER = com.mottapplications.WeExpense;
				PRODUCT_NAME = "$(TARGET_NAME)";
				SWIFT_EMIT_LOC_STRINGS = YES;
				SWIFT_VERSION = 5.0;
				TARGETED_DEVICE_FAMILY = "1,2";
			};
			name = Debug;
		};
		019CE5372C862B90009ABDD8 /* Release */ = {
			isa = XCBuildConfiguration;
			buildSettings = {
				ASSETCATALOG_COMPILER_APPICON_NAME = AppIcon;
				ASSETCATALOG_COMPILER_GLOBAL_ACCENT_COLOR_NAME = AccentColor;
				CODE_SIGN_STYLE = Automatic;
				CURRENT_PROJECT_VERSION = 1;
				DEVELOPMENT_ASSET_PATHS = "\"WeExpense/Preview Content\"";
				DEVELOPMENT_TEAM = B9KMJ3NRM7;
				ENABLE_PREVIEWS = YES;
				GENERATE_INFOPLIST_FILE = YES;
				INFOPLIST_KEY_UIApplicationSceneManifest_Generation = YES;
				INFOPLIST_KEY_UIApplicationSupportsIndirectInputEvents = YES;
				INFOPLIST_KEY_UILaunchScreen_Generation = YES;
				INFOPLIST_KEY_UISupportedInterfaceOrientations_iPad = "UIInterfaceOrientationPortrait UIInterfaceOrientationPortraitUpsideDown UIInterfaceOrientationLandscapeLeft UIInterfaceOrientationLandscapeRight";
				INFOPLIST_KEY_UISupportedInterfaceOrientations_iPhone = "UIInterfaceOrientationPortrait UIInterfaceOrientationLandscapeLeft UIInterfaceOrientationLandscapeRight";
				LD_RUNPATH_SEARCH_PATHS = (
					"$(inherited)",
					"@executable_path/Frameworks",
				);
				MARKETING_VERSION = 1.0;
				PRODUCT_BUNDLE_IDENTIFIER = com.mottapplications.WeExpense;
				PRODUCT_NAME = "$(TARGET_NAME)";
				SWIFT_EMIT_LOC_STRINGS = YES;
				SWIFT_VERSION = 5.0;
				TARGETED_DEVICE_FAMILY = "1,2";
			};
			name = Release;
		};
/* End XCBuildConfiguration section */

/* Begin XCConfigurationList section */
		019CE5222C862B8F009ABDD8 /* Build configuration list for PBXProject "WeExpense" */ = {
			isa = XCConfigurationList;
			buildConfigurations = (
				019CE5332C862B90009ABDD8 /* Debug */,
				019CE5342C862B90009ABDD8 /* Release */,
			);
			defaultConfigurationIsVisible = 0;
			defaultConfigurationName = Release;
		};
		019CE5352C862B90009ABDD8 /* Build configuration list for PBXNativeTarget "WeExpense" */ = {
			isa = XCConfigurationList;
			buildConfigurations = (
				019CE5362C862B90009ABDD8 /* Debug */,
				019CE5372C862B90009ABDD8 /* Release */,
			);
			defaultConfigurationIsVisible = 0;
			defaultConfigurationName = Release;
		};
/* End XCConfigurationList section */
	};
	rootObject = 019CE51F2C862B8F009ABDD8 /* Project object */;
}
