// !$*UTF8*$!
{
	archiveVersion = 1;
	classes = {
	};
	objectVersion = 56;
	objects = {

/* Begin PBXBuildFile section */
		0177D3C42C9FE15600F98235 /* WeMoonApp.swift in Sources */ = {isa = PBXBuildFile; fileRef = 0177D3C32C9FE15600F98235 /* WeMoonApp.swift */; };
		0177D3C62C9FE15600F98235 /* LessonView.swift in Sources */ = {isa = PBXBuildFile; fileRef = 0177D3C52C9FE15600F98235 /* LessonView.swift */; };
		0177D3C82C9FE15700F98235 /* Assets.xcassets in Resources */ = {isa = PBXBuildFile; fileRef = 0177D3C72C9FE15700F98235 /* Assets.xcassets */; };
		0177D3CB2C9FE15700F98235 /* Preview Assets.xcassets in Resources */ = {isa = PBXBuildFile; fileRef = 0177D3CA2C9FE15700F98235 /* Preview Assets.xcassets */; };
		01867E252CA116680050B100 /* ContentView.swift in Sources */ = {isa = PBXBuildFile; fileRef = 01867E242CA116680050B100 /* ContentView.swift */; };
		01867E272CA116A70050B100 /* missions.json in Resources */ = {isa = PBXBuildFile; fileRef = 01867E262CA116A70050B100 /* missions.json */; };
		01867E292CA116AE0050B100 /* astronauts.json in Resources */ = {isa = PBXBuildFile; fileRef = 01867E282CA116AE0050B100 /* astronauts.json */; };
		01867E2B2CA11C670050B100 /* Astronaut.swift in Sources */ = {isa = PBXBuildFile; fileRef = 01867E2A2CA11C670050B100 /* Astronaut.swift */; };
		01867E2D2CA11C8E0050B100 /* Misson.swift in Sources */ = {isa = PBXBuildFile; fileRef = 01867E2C2CA11C8E0050B100 /* Misson.swift */; };
		01867E2F2CA11E6F0050B100 /* CrewMember.swift in Sources */ = {isa = PBXBuildFile; fileRef = 01867E2E2CA11E6F0050B100 /* CrewMember.swift */; };
		01867E332CA11FA90050B100 /* Bundle-Decodable.swift in Sources */ = {isa = PBXBuildFile; fileRef = 01867E322CA11FA90050B100 /* Bundle-Decodable.swift */; };
		01867E352CA1E8490050B100 /* MissonDetailView.swift in Sources */ = {isa = PBXBuildFile; fileRef = 01867E342CA1E8490050B100 /* MissonDetailView.swift */; };
		01867E372CA1F0FF0050B100 /* Color-Theme.swift in Sources */ = {isa = PBXBuildFile; fileRef = 01867E362CA1F0FF0050B100 /* Color-Theme.swift */; };
/* End PBXBuildFile section */

/* Begin PBXFileReference section */
		0177D3C02C9FE15600F98235 /* WeMoon.app */ = {isa = PBXFileReference; explicitFileType = wrapper.application; includeInIndex = 0; path = WeMoon.app; sourceTree = BUILT_PRODUCTS_DIR; };
		0177D3C32C9FE15600F98235 /* WeMoonApp.swift */ = {isa = PBXFileReference; lastKnownFileType = sourcecode.swift; path = WeMoonApp.swift; sourceTree = "<group>"; };
		0177D3C52C9FE15600F98235 /* LessonView.swift */ = {isa = PBXFileReference; lastKnownFileType = sourcecode.swift; path = LessonView.swift; sourceTree = "<group>"; };
		0177D3C72C9FE15700F98235 /* Assets.xcassets */ = {isa = PBXFileReference; lastKnownFileType = folder.assetcatalog; path = Assets.xcassets; sourceTree = "<group>"; };
		0177D3CA2C9FE15700F98235 /* Preview Assets.xcassets */ = {isa = PBXFileReference; lastKnownFileType = folder.assetcatalog; path = "Preview Assets.xcassets"; sourceTree = "<group>"; };
		01867E242CA116680050B100 /* ContentView.swift */ = {isa = PBXFileReference; lastKnownFileType = sourcecode.swift; path = ContentView.swift; sourceTree = "<group>"; };
		01867E262CA116A70050B100 /* missions.json */ = {isa = PBXFileReference; fileEncoding = 4; lastKnownFileType = text.json; path = missions.json; sourceTree = "<group>"; };
		01867E282CA116AE0050B100 /* astronauts.json */ = {isa = PBXFileReference; fileEncoding = 4; lastKnownFileType = text.json; path = astronauts.json; sourceTree = "<group>"; };
		01867E2A2CA11C670050B100 /* Astronaut.swift */ = {isa = PBXFileReference; lastKnownFileType = sourcecode.swift; path = Astronaut.swift; sourceTree = "<group>"; };
		01867E2C2CA11C8E0050B100 /* Misson.swift */ = {isa = PBXFileReference; lastKnownFileType = sourcecode.swift; path = Misson.swift; sourceTree = "<group>"; };
		01867E2E2CA11E6F0050B100 /* CrewMember.swift */ = {isa = PBXFileReference; lastKnownFileType = sourcecode.swift; path = CrewMember.swift; sourceTree = "<group>"; };
		01867E322CA11FA90050B100 /* Bundle-Decodable.swift */ = {isa = PBXFileReference; lastKnownFileType = sourcecode.swift; path = "Bundle-Decodable.swift"; sourceTree = "<group>"; };
		01867E342CA1E8490050B100 /* MissonDetailView.swift */ = {isa = PBXFileReference; lastKnownFileType = sourcecode.swift; path = MissonDetailView.swift; sourceTree = "<group>"; };
		01867E362CA1F0FF0050B100 /* Color-Theme.swift */ = {isa = PBXFileReference; lastKnownFileType = sourcecode.swift; path = "Color-Theme.swift"; sourceTree = "<group>"; };
/* End PBXFileReference section */

/* Begin PBXFrameworksBuildPhase section */
		0177D3BD2C9FE15600F98235 /* Frameworks */ = {
			isa = PBXFrameworksBuildPhase;
			buildActionMask = 2147483647;
			files = (
			);
			runOnlyForDeploymentPostprocessing = 0;
		};
/* End PBXFrameworksBuildPhase section */

/* Begin PBXGroup section */
		0177D3B72C9FE15600F98235 = {
			isa = PBXGroup;
			children = (
				0177D3C22C9FE15600F98235 /* WeMoon */,
				0177D3C12C9FE15600F98235 /* Products */,
			);
			sourceTree = "<group>";
		};
		0177D3C12C9FE15600F98235 /* Products */ = {
			isa = PBXGroup;
			children = (
				0177D3C02C9FE15600F98235 /* WeMoon.app */,
			);
			name = Products;
			sourceTree = "<group>";
		};
		0177D3C22C9FE15600F98235 /* WeMoon */ = {
			isa = PBXGroup;
			children = (
				0177D3C32C9FE15600F98235 /* WeMoonApp.swift */,
				01867E242CA116680050B100 /* ContentView.swift */,
				01867E342CA1E8490050B100 /* MissonDetailView.swift */,
				0177D3C52C9FE15600F98235 /* LessonView.swift */,
				01867E302CA11E800050B100 /* MODEL */,
				01867E312CA11E8E0050B100 /* ASSETS */,
				0177D3C92C9FE15700F98235 /* Preview Content */,
			);
			path = WeMoon;
			sourceTree = "<group>";
		};
		0177D3C92C9FE15700F98235 /* Preview Content */ = {
			isa = PBXGroup;
			children = (
				0177D3CA2C9FE15700F98235 /* Preview Assets.xcassets */,
			);
			path = "Preview Content";
			sourceTree = "<group>";
		};
		01867E302CA11E800050B100 /* MODEL */ = {
			isa = PBXGroup;
			children = (
				01867E322CA11FA90050B100 /* Bundle-Decodable.swift */,
				01867E2A2CA11C670050B100 /* Astronaut.swift */,
				01867E2C2CA11C8E0050B100 /* Misson.swift */,
				01867E2E2CA11E6F0050B100 /* CrewMember.swift */,
			);
			path = MODEL;
			sourceTree = "<group>";
		};
		01867E312CA11E8E0050B100 /* ASSETS */ = {
			isa = PBXGroup;
			children = (
				01867E362CA1F0FF0050B100 /* Color-Theme.swift */,
				0177D3C72C9FE15700F98235 /* Assets.xcassets */,
				01867E262CA116A70050B100 /* missions.json */,
				01867E282CA116AE0050B100 /* astronauts.json */,
			);
			path = ASSETS;
			sourceTree = "<group>";
		};
/* End PBXGroup section */

/* Begin PBXNativeTarget section */
		0177D3BF2C9FE15600F98235 /* WeMoon */ = {
			isa = PBXNativeTarget;
			buildConfigurationList = 0177D3CE2C9FE15700F98235 /* Build configuration list for PBXNativeTarget "WeMoon" */;
			buildPhases = (
				0177D3BC2C9FE15600F98235 /* Sources */,
				0177D3BD2C9FE15600F98235 /* Frameworks */,
				0177D3BE2C9FE15600F98235 /* Resources */,
			);
			buildRules = (
			);
			dependencies = (
			);
			name = WeMoon;
			productName = WeMoon;
			productReference = 0177D3C02C9FE15600F98235 /* WeMoon.app */;
			productType = "com.apple.product-type.application";
		};
/* End PBXNativeTarget section */

/* Begin PBXProject section */
		0177D3B82C9FE15600F98235 /* Project object */ = {
			isa = PBXProject;
			attributes = {
				BuildIndependentTargetsInParallel = 1;
				LastSwiftUpdateCheck = 1540;
				LastUpgradeCheck = 1540;
				TargetAttributes = {
					0177D3BF2C9FE15600F98235 = {
						CreatedOnToolsVersion = 15.4;
					};
				};
			};
			buildConfigurationList = 0177D3BB2C9FE15600F98235 /* Build configuration list for PBXProject "WeMoon" */;
			compatibilityVersion = "Xcode 14.0";
			developmentRegion = en;
			hasScannedForEncodings = 0;
			knownRegions = (
				en,
				Base,
			);
			mainGroup = 0177D3B72C9FE15600F98235;
			productRefGroup = 0177D3C12C9FE15600F98235 /* Products */;
			projectDirPath = "";
			projectRoot = "";
			targets = (
				0177D3BF2C9FE15600F98235 /* WeMoon */,
			);
		};
/* End PBXProject section */

/* Begin PBXResourcesBuildPhase section */
		0177D3BE2C9FE15600F98235 /* Resources */ = {
			isa = PBXResourcesBuildPhase;
			buildActionMask = 2147483647;
			files = (
				0177D3CB2C9FE15700F98235 /* Preview Assets.xcassets in Resources */,
				01867E272CA116A70050B100 /* missions.json in Resources */,
				0177D3C82C9FE15700F98235 /* Assets.xcassets in Resources */,
				01867E292CA116AE0050B100 /* astronauts.json in Resources */,
			);
			runOnlyForDeploymentPostprocessing = 0;
		};
/* End PBXResourcesBuildPhase section */

/* Begin PBXSourcesBuildPhase section */
		0177D3BC2C9FE15600F98235 /* Sources */ = {
			isa = PBXSourcesBuildPhase;
			buildActionMask = 2147483647;
			files = (
				01867E352CA1E8490050B100 /* MissonDetailView.swift in Sources */,
				01867E2D2CA11C8E0050B100 /* Misson.swift in Sources */,
				0177D3C62C9FE15600F98235 /* LessonView.swift in Sources */,
				0177D3C42C9FE15600F98235 /* WeMoonApp.swift in Sources */,
				01867E252CA116680050B100 /* ContentView.swift in Sources */,
				01867E2F2CA11E6F0050B100 /* CrewMember.swift in Sources */,
				01867E332CA11FA90050B100 /* Bundle-Decodable.swift in Sources */,
				01867E372CA1F0FF0050B100 /* Color-Theme.swift in Sources */,
				01867E2B2CA11C670050B100 /* Astronaut.swift in Sources */,
			);
			runOnlyForDeploymentPostprocessing = 0;
		};
/* End PBXSourcesBuildPhase section */

/* Begin XCBuildConfiguration section */
		0177D3CC2C9FE15700F98235 /* Debug */ = {
			isa = XCBuildConfiguration;
			buildSettings = {
				ALWAYS_SEARCH_USER_PATHS = NO;
				ASSETCATALOG_COMPILER_GENERATE_SWIFT_ASSET_SYMBOL_EXTENSIONS = YES;
				CLANG_ANALYZER_NONNULL = YES;
				CLANG_ANALYZER_NUMBER_OBJECT_CONVERSION = YES_AGGRESSIVE;
				CLANG_CXX_LANGUAGE_STANDARD = "gnu++20";
				CLANG_ENABLE_MODULES = YES;
				CLANG_ENABLE_OBJC_ARC = YES;
				CLANG_ENABLE_OBJC_WEAK = YES;
				CLANG_WARN_BLOCK_CAPTURE_AUTORELEASING = YES;
				CLANG_WARN_BOOL_CONVERSION = YES;
				CLANG_WARN_COMMA = YES;
				CLANG_WARN_CONSTANT_CONVERSION = YES;
				CLANG_WARN_DEPRECATED_OBJC_IMPLEMENTATIONS = YES;
				CLANG_WARN_DIRECT_OBJC_ISA_USAGE = YES_ERROR;
				CLANG_WARN_DOCUMENTATION_COMMENTS = YES;
				CLANG_WARN_EMPTY_BODY = YES;
				CLANG_WARN_ENUM_CONVERSION = YES;
				CLANG_WARN_INFINITE_RECURSION = YES;
				CLANG_WARN_INT_CONVERSION = YES;
				CLANG_WARN_NON_LITERAL_NULL_CONVERSION = YES;
				CLANG_WARN_OBJC_IMPLICIT_RETAIN_SELF = YES;
				CLANG_WARN_OBJC_LITERAL_CONVERSION = YES;
				CLANG_WARN_OBJC_ROOT_CLASS = YES_ERROR;
				CLANG_WARN_QUOTED_INCLUDE_IN_FRAMEWORK_HEADER = YES;
				CLANG_WARN_RANGE_LOOP_ANALYSIS = YES;
				CLANG_WARN_STRICT_PROTOTYPES = YES;
				CLANG_WARN_SUSPICIOUS_MOVE = YES;
				CLANG_WARN_UNGUARDED_AVAILABILITY = YES_AGGRESSIVE;
				CLANG_WARN_UNREACHABLE_CODE = YES;
				CLANG_WARN__DUPLICATE_METHOD_MATCH = YES;
				COPY_PHASE_STRIP = NO;
				DEBUG_INFORMATION_FORMAT = dwarf;
				ENABLE_STRICT_OBJC_MSGSEND = YES;
				ENABLE_TESTABILITY = YES;
				ENABLE_USER_SCRIPT_SANDBOXING = YES;
				GCC_C_LANGUAGE_STANDARD = gnu17;
				GCC_DYNAMIC_NO_PIC = NO;
				GCC_NO_COMMON_BLOCKS = YES;
				GCC_OPTIMIZATION_LEVEL = 0;
				GCC_PREPROCESSOR_DEFINITIONS = (
					"DEBUG=1",
					"$(inherited)",
				);
				GCC_WARN_64_TO_32_BIT_CONVERSION = YES;
				GCC_WARN_ABOUT_RETURN_TYPE = YES_ERROR;
				GCC_WARN_UNDECLARED_SELECTOR = YES;
				GCC_WARN_UNINITIALIZED_AUTOS = YES_AGGRESSIVE;
				GCC_WARN_UNUSED_FUNCTION = YES;
				GCC_WARN_UNUSED_VARIABLE = YES;
				IPHONEOS_DEPLOYMENT_TARGET = 17.5;
				LOCALIZATION_PREFERS_STRING_CATALOGS = YES;
				MTL_ENABLE_DEBUG_INFO = INCLUDE_SOURCE;
				MTL_FAST_MATH = YES;
				ONLY_ACTIVE_ARCH = YES;
				SDKROOT = iphoneos;
				SWIFT_ACTIVE_COMPILATION_CONDITIONS = "DEBUG $(inherited)";
				SWIFT_OPTIMIZATION_LEVEL = "-Onone";
			};
			name = Debug;
		};
		0177D3CD2C9FE15700F98235 /* Release */ = {
			isa = XCBuildConfiguration;
			buildSettings = {
				ALWAYS_SEARCH_USER_PATHS = NO;
				ASSETCATALOG_COMPILER_GENERATE_SWIFT_ASSET_SYMBOL_EXTENSIONS = YES;
				CLANG_ANALYZER_NONNULL = YES;
				CLANG_ANALYZER_NUMBER_OBJECT_CONVERSION = YES_AGGRESSIVE;
				CLANG_CXX_LANGUAGE_STANDARD = "gnu++20";
				CLANG_ENABLE_MODULES = YES;
				CLANG_ENABLE_OBJC_ARC = YES;
				CLANG_ENABLE_OBJC_WEAK = YES;
				CLANG_WARN_BLOCK_CAPTURE_AUTORELEASING = YES;
				CLANG_WARN_BOOL_CONVERSION = YES;
				CLANG_WARN_COMMA = YES;
				CLANG_WARN_CONSTANT_CONVERSION = YES;
				CLANG_WARN_DEPRECATED_OBJC_IMPLEMENTATIONS = YES;
				CLANG_WARN_DIRECT_OBJC_ISA_USAGE = YES_ERROR;
				CLANG_WARN_DOCUMENTATION_COMMENTS = YES;
				CLANG_WARN_EMPTY_BODY = YES;
				CLANG_WARN_ENUM_CONVERSION = YES;
				CLANG_WARN_INFINITE_RECURSION = YES;
				CLANG_WARN_INT_CONVERSION = YES;
				CLANG_WARN_NON_LITERAL_NULL_CONVERSION = YES;
				CLANG_WARN_OBJC_IMPLICIT_RETAIN_SELF = YES;
				CLANG_WARN_OBJC_LITERAL_CONVERSION = YES;
				CLANG_WARN_OBJC_ROOT_CLASS = YES_ERROR;
				CLANG_WARN_QUOTED_INCLUDE_IN_FRAMEWORK_HEADER = YES;
				CLANG_WARN_RANGE_LOOP_ANALYSIS = YES;
				CLANG_WARN_STRICT_PROTOTYPES = YES;
				CLANG_WARN_SUSPICIOUS_MOVE = YES;
				CLANG_WARN_UNGUARDED_AVAILABILITY = YES_AGGRESSIVE;
				CLANG_WARN_UNREACHABLE_CODE = YES;
				CLANG_WARN__DUPLICATE_METHOD_MATCH = YES;
				COPY_PHASE_STRIP = NO;
				DEBUG_INFORMATION_FORMAT = "dwarf-with-dsym";
				ENABLE_NS_ASSERTIONS = NO;
				ENABLE_STRICT_OBJC_MSGSEND = YES;
				ENABLE_USER_SCRIPT_SANDBOXING = YES;
				GCC_C_LANGUAGE_STANDARD = gnu17;
				GCC_NO_COMMON_BLOCKS = YES;
				GCC_WARN_64_TO_32_BIT_CONVERSION = YES;
				GCC_WARN_ABOUT_RETURN_TYPE = YES_ERROR;
				GCC_WARN_UNDECLARED_SELECTOR = YES;
				GCC_WARN_UNINITIALIZED_AUTOS = YES_AGGRESSIVE;
				GCC_WARN_UNUSED_FUNCTION = YES;
				GCC_WARN_UNUSED_VARIABLE = YES;
				IPHONEOS_DEPLOYMENT_TARGET = 17.5;
				LOCALIZATION_PREFERS_STRING_CATALOGS = YES;
				MTL_ENABLE_DEBUG_INFO = NO;
				MTL_FAST_MATH = YES;
				SDKROOT = iphoneos;
				SWIFT_COMPILATION_MODE = wholemodule;
				VALIDATE_PRODUCT = YES;
			};
			name = Release;
		};
		0177D3CF2C9FE15700F98235 /* Debug */ = {
			isa = XCBuildConfiguration;
			buildSettings = {
				ASSETCATALOG_COMPILER_APPICON_NAME = AppIcon;
				ASSETCATALOG_COMPILER_GLOBAL_ACCENT_COLOR_NAME = AccentColor;
				CODE_SIGN_STYLE = Automatic;
				CURRENT_PROJECT_VERSION = 1;
				DEVELOPMENT_ASSET_PATHS = "\"WeMoon/Preview Content\"";
				DEVELOPMENT_TEAM = B9KMJ3NRM7;
				ENABLE_PREVIEWS = YES;
				GENERATE_INFOPLIST_FILE = YES;
				INFOPLIST_KEY_UIApplicationSceneManifest_Generation = YES;
				INFOPLIST_KEY_UIApplicationSupportsIndirectInputEvents = YES;
				INFOPLIST_KEY_UILaunchScreen_Generation = YES;
				INFOPLIST_KEY_UISupportedInterfaceOrientations_iPad = "UIInterfaceOrientationPortrait UIInterfaceOrientationPortraitUpsideDown UIInterfaceOrientationLandscapeLeft UIInterfaceOrientationLandscapeRight";
				INFOPLIST_KEY_UISupportedInterfaceOrientations_iPhone = "UIInterfaceOrientationPortrait UIInterfaceOrientationLandscapeLeft UIInterfaceOrientationLandscapeRight";
				LD_RUNPATH_SEARCH_PATHS = (
					"$(inherited)",
					"@executable_path/Frameworks",
				);
				MARKETING_VERSION = 1.0;
				PRODUCT_BUNDLE_IDENTIFIER = com.mottapplications.WeMoon;
				PRODUCT_NAME = "$(TARGET_NAME)";
				SWIFT_EMIT_LOC_STRINGS = YES;
				SWIFT_VERSION = 5.0;
				TARGETED_DEVICE_FAMILY = "1,2";
			};
			name = Debug;
		};
		0177D3D02C9FE15700F98235 /* Release */ = {
			isa = XCBuildConfiguration;
			buildSettings = {
				ASSETCATALOG_COMPILER_APPICON_NAME = AppIcon;
				ASSETCATALOG_COMPILER_GLOBAL_ACCENT_COLOR_NAME = AccentColor;
				CODE_SIGN_STYLE = Automatic;
				CURRENT_PROJECT_VERSION = 1;
				DEVELOPMENT_ASSET_PATHS = "\"WeMoon/Preview Content\"";
				DEVELOPMENT_TEAM = B9KMJ3NRM7;
				ENABLE_PREVIEWS = YES;
				GENERATE_INFOPLIST_FILE = YES;
				INFOPLIST_KEY_UIApplicationSceneManifest_Generation = YES;
				INFOPLIST_KEY_UIApplicationSupportsIndirectInputEvents = YES;
				INFOPLIST_KEY_UILaunchScreen_Generation = YES;
				INFOPLIST_KEY_UISupportedInterfaceOrientations_iPad = "UIInterfaceOrientationPortrait UIInterfaceOrientationPortraitUpsideDown UIInterfaceOrientationLandscapeLeft UIInterfaceOrientationLandscapeRight";
				INFOPLIST_KEY_UISupportedInterfaceOrientations_iPhone = "UIInterfaceOrientationPortrait UIInterfaceOrientationLandscapeLeft UIInterfaceOrientationLandscapeRight";
				LD_RUNPATH_SEARCH_PATHS = (
					"$(inherited)",
					"@executable_path/Frameworks",
				);
				MARKETING_VERSION = 1.0;
				PRODUCT_BUNDLE_IDENTIFIER = com.mottapplications.WeMoon;
				PRODUCT_NAME = "$(TARGET_NAME)";
				SWIFT_EMIT_LOC_STRINGS = YES;
				SWIFT_VERSION = 5.0;
				TARGETED_DEVICE_FAMILY = "1,2";
			};
			name = Release;
		};
/* End XCBuildConfiguration section */

/* Begin XCConfigurationList section */
		0177D3BB2C9FE15600F98235 /* Build configuration list for PBXProject "WeMoon" */ = {
			isa = XCConfigurationList;
			buildConfigurations = (
				0177D3CC2C9FE15700F98235 /* Debug */,
				0177D3CD2C9FE15700F98235 /* Release */,
			);
			defaultConfigurationIsVisible = 0;
			defaultConfigurationName = Release;
		};
		0177D3CE2C9FE15700F98235 /* Build configuration list for PBXNativeTarget "WeMoon" */ = {
			isa = XCConfigurationList;
			buildConfigurations = (
				0177D3CF2C9FE15700F98235 /* Debug */,
				0177D3D02C9FE15700F98235 /* Release */,
			);
			defaultConfigurationIsVisible = 0;
			defaultConfigurationName = Release;
		};
/* End XCConfigurationList section */
	};
	rootObject = 0177D3B82C9FE15600F98235 /* Project object */;
}
