// !$*UTF8*$!
{
	archiveVersion = 1;
	classes = {
	};
	objectVersion = 77;
	objects = {

/* Begin PBXBuildFile section */
		014712C62D6671B5000580C0 /* TRMExtensions.swift in Sources */ = {isa = PBXBuildFile; fileRef = 014712C52D6671B5000580C0 /* TRMExtensions.swift */; };
/* End PBXBuildFile section */

/* Begin PBXContainerItemProxy section */
		019BEA972D624D4800ABA73D /* PBXContainerItemProxy */ = {
			isa = PBXContainerItemProxy;
			containerPortal = 019BEA7E2D624D4700ABA73D /* Project object */;
			proxyType = 1;
			remoteGlobalIDString = 019BEA852D624D4700ABA73D;
			remoteInfo = WeTag;
		};
		019BEAA12D624D4900ABA73D /* PBXContainerItemProxy */ = {
			isa = PBXContainerItemProxy;
			containerPortal = 019BEA7E2D624D4700ABA73D /* Project object */;
			proxyType = 1;
			remoteGlobalIDString = 019BEA852D624D4700ABA73D;
			remoteInfo = WeTag;
		};
/* End PBXContainerItemProxy section */

/* Begin PBXFileReference section */
		014712C52D6671B5000580C0 /* TRMExtensions.swift */ = {isa = PBXFileReference; lastKnownFileType = sourcecode.swift; name = TRMExtensions.swift; path = "/Users/trm/Developer/MOTT APPLICATIONS/CODE/TRMExtensions.swift"; sourceTree = "<absolute>"; };
		019BEA862D624D4700ABA73D /* WeTag.app */ = {isa = PBXFileReference; explicitFileType = wrapper.application; includeInIndex = 0; path = WeTag.app; sourceTree = BUILT_PRODUCTS_DIR; };
		019BEA962D624D4800ABA73D /* WeTagTests.xctest */ = {isa = PBXFileReference; explicitFileType = wrapper.cfbundle; includeInIndex = 0; path = WeTagTests.xctest; sourceTree = BUILT_PRODUCTS_DIR; };
		019BEAA02D624D4900ABA73D /* WeTagUITests.xctest */ = {isa = PBXFileReference; explicitFileType = wrapper.cfbundle; includeInIndex = 0; path = WeTagUITests.xctest; sourceTree = BUILT_PRODUCTS_DIR; };
/* End PBXFileReference section */

/* Begin PBXFileSystemSynchronizedRootGroup section */
		019BEA882D624D4700ABA73D /* WeTag */ = {
			isa = PBXFileSystemSynchronizedRootGroup;
			path = WeTag;
			sourceTree = "<group>";
		};
		019BEA992D624D4800ABA73D /* WeTagTests */ = {
			isa = PBXFileSystemSynchronizedRootGroup;
			path = WeTagTests;
			sourceTree = "<group>";
		};
		019BEAA32D624D4900ABA73D /* WeTagUITests */ = {
			isa = PBXFileSystemSynchronizedRootGroup;
			path = WeTagUITests;
			sourceTree = "<group>";
		};
/* End PBXFileSystemSynchronizedRootGroup section */

/* Begin PBXFrameworksBuildPhase section */
		019BEA832D624D4700ABA73D /* Frameworks */ = {
			isa = PBXFrameworksBuildPhase;
			buildActionMask = 2147483647;
			files = (
			);
			runOnlyForDeploymentPostprocessing = 0;
		};
		019BEA932D624D4800ABA73D /* Frameworks */ = {
			isa = PBXFrameworksBuildPhase;
			buildActionMask = 2147483647;
			files = (
			);
			runOnlyForDeploymentPostprocessing = 0;
		};
		019BEA9D2D624D4900ABA73D /* Frameworks */ = {
			isa = PBXFrameworksBuildPhase;
			buildActionMask = 2147483647;
			files = (
			);
			runOnlyForDeploymentPostprocessing = 0;
		};
/* End PBXFrameworksBuildPhase section */

/* Begin PBXGroup section */
		019BEA7D2D624D4700ABA73D = {
			isa = PBXGroup;
			children = (
				019BEA882D624D4700ABA73D /* WeTag */,
				019BEA992D624D4800ABA73D /* WeTagTests */,
				019BEAA32D624D4900ABA73D /* WeTagUITests */,
				019BEA872D624D4700ABA73D /* Products */,
				014712C52D6671B5000580C0 /* TRMExtensions.swift */,
			);
			sourceTree = "<group>";
		};
		019BEA872D624D4700ABA73D /* Products */ = {
			isa = PBXGroup;
			children = (
				019BEA862D624D4700ABA73D /* WeTag.app */,
				019BEA962D624D4800ABA73D /* WeTagTests.xctest */,
				019BEAA02D624D4900ABA73D /* WeTagUITests.xctest */,
			);
			name = Products;
			sourceTree = "<group>";
		};
/* End PBXGroup section */

/* Begin PBXNativeTarget section */
		019BEA852D624D4700ABA73D /* WeTag */ = {
			isa = PBXNativeTarget;
			buildConfigurationList = 019BEAAA2D624D4900ABA73D /* Build configuration list for PBXNativeTarget "WeTag" */;
			buildPhases = (
				019BEA822D624D4700ABA73D /* Sources */,
				019BEA832D624D4700ABA73D /* Frameworks */,
				019BEA842D624D4700ABA73D /* Resources */,
			);
			buildRules = (
			);
			dependencies = (
			);
			fileSystemSynchronizedGroups = (
				019BEA882D624D4700ABA73D /* WeTag */,
			);
			name = WeTag;
			packageProductDependencies = (
			);
			productName = WeTag;
			productReference = 019BEA862D624D4700ABA73D /* WeTag.app */;
			productType = "com.apple.product-type.application";
		};
		019BEA952D624D4800ABA73D /* WeTagTests */ = {
			isa = PBXNativeTarget;
			buildConfigurationList = 019BEAAD2D624D4900ABA73D /* Build configuration list for PBXNativeTarget "WeTagTests" */;
			buildPhases = (
				019BEA922D624D4800ABA73D /* Sources */,
				019BEA932D624D4800ABA73D /* Frameworks */,
				019BEA942D624D4800ABA73D /* Resources */,
			);
			buildRules = (
			);
			dependencies = (
				019BEA982D624D4800ABA73D /* PBXTargetDependency */,
			);
			fileSystemSynchronizedGroups = (
				019BEA992D624D4800ABA73D /* WeTagTests */,
			);
			name = WeTagTests;
			packageProductDependencies = (
			);
			productName = WeTagTests;
			productReference = 019BEA962D624D4800ABA73D /* WeTagTests.xctest */;
			productType = "com.apple.product-type.bundle.unit-test";
		};
		019BEA9F2D624D4900ABA73D /* WeTagUITests */ = {
			isa = PBXNativeTarget;
			buildConfigurationList = 019BEAB02D624D4900ABA73D /* Build configuration list for PBXNativeTarget "WeTagUITests" */;
			buildPhases = (
				019BEA9C2D624D4900ABA73D /* Sources */,
				019BEA9D2D624D4900ABA73D /* Frameworks */,
				019BEA9E2D624D4900ABA73D /* Resources */,
			);
			buildRules = (
			);
			dependencies = (
				019BEAA22D624D4900ABA73D /* PBXTargetDependency */,
			);
			fileSystemSynchronizedGroups = (
				019BEAA32D624D4900ABA73D /* WeTagUITests */,
			);
			name = WeTagUITests;
			packageProductDependencies = (
			);
			productName = WeTagUITests;
			productReference = 019BEAA02D624D4900ABA73D /* WeTagUITests.xctest */;
			productType = "com.apple.product-type.bundle.ui-testing";
		};
/* End PBXNativeTarget section */

/* Begin PBXProject section */
		019BEA7E2D624D4700ABA73D /* Project object */ = {
			isa = PBXProject;
			attributes = {
				BuildIndependentTargetsInParallel = 1;
				LastSwiftUpdateCheck = 1610;
				LastUpgradeCheck = 1610;
				TargetAttributes = {
					019BEA852D624D4700ABA73D = {
						CreatedOnToolsVersion = 16.1;
					};
					019BEA952D624D4800ABA73D = {
						CreatedOnToolsVersion = 16.1;
						TestTargetID = 019BEA852D624D4700ABA73D;
					};
					019BEA9F2D624D4900ABA73D = {
						CreatedOnToolsVersion = 16.1;
						TestTargetID = 019BEA852D624D4700ABA73D;
					};
				};
			};
			buildConfigurationList = 019BEA812D624D4700ABA73D /* Build configuration list for PBXProject "WeTag" */;
			developmentRegion = en;
			hasScannedForEncodings = 0;
			knownRegions = (
				en,
				Base,
			);
			mainGroup = 019BEA7D2D624D4700ABA73D;
			minimizedProjectReferenceProxies = 1;
			preferredProjectObjectVersion = 77;
			productRefGroup = 019BEA872D624D4700ABA73D /* Products */;
			projectDirPath = "";
			projectRoot = "";
			targets = (
				019BEA852D624D4700ABA73D /* WeTag */,
				019BEA952D624D4800ABA73D /* WeTagTests */,
				019BEA9F2D624D4900ABA73D /* WeTagUITests */,
			);
		};
/* End PBXProject section */

/* Begin PBXResourcesBuildPhase section */
		019BEA842D624D4700ABA73D /* Resources */ = {
			isa = PBXResourcesBuildPhase;
			buildActionMask = 2147483647;
			files = (
			);
			runOnlyForDeploymentPostprocessing = 0;
		};
		019BEA942D624D4800ABA73D /* Resources */ = {
			isa = PBXResourcesBuildPhase;
			buildActionMask = 2147483647;
			files = (
			);
			runOnlyForDeploymentPostprocessing = 0;
		};
		019BEA9E2D624D4900ABA73D /* Resources */ = {
			isa = PBXResourcesBuildPhase;
			buildActionMask = 2147483647;
			files = (
			);
			runOnlyForDeploymentPostprocessing = 0;
		};
/* End PBXResourcesBuildPhase section */

/* Begin PBXSourcesBuildPhase section */
		019BEA822D624D4700ABA73D /* Sources */ = {
			isa = PBXSourcesBuildPhase;
			buildActionMask = 2147483647;
			files = (
				014712C62D6671B5000580C0 /* TRMExtensions.swift in Sources */,
			);
			runOnlyForDeploymentPostprocessing = 0;
		};
		019BEA922D624D4800ABA73D /* Sources */ = {
			isa = PBXSourcesBuildPhase;
			buildActionMask = 2147483647;
			files = (
			);
			runOnlyForDeploymentPostprocessing = 0;
		};
		019BEA9C2D624D4900ABA73D /* Sources */ = {
			isa = PBXSourcesBuildPhase;
			buildActionMask = 2147483647;
			files = (
			);
			runOnlyForDeploymentPostprocessing = 0;
		};
/* End PBXSourcesBuildPhase section */

/* Begin PBXTargetDependency section */
		019BEA982D624D4800ABA73D /* PBXTargetDependency */ = {
			isa = PBXTargetDependency;
			target = 019BEA852D624D4700ABA73D /* WeTag */;
			targetProxy = 019BEA972D624D4800ABA73D /* PBXContainerItemProxy */;
		};
		019BEAA22D624D4900ABA73D /* PBXTargetDependency */ = {
			isa = PBXTargetDependency;
			target = 019BEA852D624D4700ABA73D /* WeTag */;
			targetProxy = 019BEAA12D624D4900ABA73D /* PBXContainerItemProxy */;
		};
/* End PBXTargetDependency section */

/* Begin XCBuildConfiguration section */
		019BEAA82D624D4900ABA73D /* Debug */ = {
			isa = XCBuildConfiguration;
			buildSettings = {
				ALWAYS_SEARCH_USER_PATHS = NO;
				ASSETCATALOG_COMPILER_GENERATE_SWIFT_ASSET_SYMBOL_EXTENSIONS = YES;
				CLANG_ANALYZER_NONNULL = YES;
				CLANG_ANALYZER_NUMBER_OBJECT_CONVERSION = YES_AGGRESSIVE;
				CLANG_CXX_LANGUAGE_STANDARD = "gnu++20";
				CLANG_ENABLE_MODULES = YES;
				CLANG_ENABLE_OBJC_ARC = YES;
				CLANG_ENABLE_OBJC_WEAK = YES;
				CLANG_WARN_BLOCK_CAPTURE_AUTORELEASING = YES;
				CLANG_WARN_BOOL_CONVERSION = YES;
				CLANG_WARN_COMMA = YES;
				CLANG_WARN_CONSTANT_CONVERSION = YES;
				CLANG_WARN_DEPRECATED_OBJC_IMPLEMENTATIONS = YES;
				CLANG_WARN_DIRECT_OBJC_ISA_USAGE = YES_ERROR;
				CLANG_WARN_DOCUMENTATION_COMMENTS = YES;
				CLANG_WARN_EMPTY_BODY = YES;
				CLANG_WARN_ENUM_CONVERSION = YES;
				CLANG_WARN_INFINITE_RECURSION = YES;
				CLANG_WARN_INT_CONVERSION = YES;
				CLANG_WARN_NON_LITERAL_NULL_CONVERSION = YES;
				CLANG_WARN_OBJC_IMPLICIT_RETAIN_SELF = YES;
				CLANG_WARN_OBJC_LITERAL_CONVERSION = YES;
				CLANG_WARN_OBJC_ROOT_CLASS = YES_ERROR;
				CLANG_WARN_QUOTED_INCLUDE_IN_FRAMEWORK_HEADER = YES;
				CLANG_WARN_RANGE_LOOP_ANALYSIS = YES;
				CLANG_WARN_STRICT_PROTOTYPES = YES;
				CLANG_WARN_SUSPICIOUS_MOVE = YES;
				CLANG_WARN_UNGUARDED_AVAILABILITY = YES_AGGRESSIVE;
				CLANG_WARN_UNREACHABLE_CODE = YES;
				CLANG_WARN__DUPLICATE_METHOD_MATCH = YES;
				COPY_PHASE_STRIP = NO;
				DEBUG_INFORMATION_FORMAT = dwarf;
				ENABLE_STRICT_OBJC_MSGSEND = YES;
				ENABLE_TESTABILITY = YES;
				ENABLE_USER_SCRIPT_SANDBOXING = YES;
				GCC_C_LANGUAGE_STANDARD = gnu17;
				GCC_DYNAMIC_NO_PIC = NO;
				GCC_NO_COMMON_BLOCKS = YES;
				GCC_OPTIMIZATION_LEVEL = 0;
				GCC_PREPROCESSOR_DEFINITIONS = (
					"DEBUG=1",
					"$(inherited)",
				);
				GCC_WARN_64_TO_32_BIT_CONVERSION = YES;
				GCC_WARN_ABOUT_RETURN_TYPE = YES_ERROR;
				GCC_WARN_UNDECLARED_SELECTOR = YES;
				GCC_WARN_UNINITIALIZED_AUTOS = YES_AGGRESSIVE;
				GCC_WARN_UNUSED_FUNCTION = YES;
				GCC_WARN_UNUSED_VARIABLE = YES;
				IPHONEOS_DEPLOYMENT_TARGET = 18.1;
				LOCALIZATION_PREFERS_STRING_CATALOGS = YES;
				MTL_ENABLE_DEBUG_INFO = INCLUDE_SOURCE;
				MTL_FAST_MATH = YES;
				ONLY_ACTIVE_ARCH = YES;
				SDKROOT = iphoneos;
				SWIFT_ACTIVE_COMPILATION_CONDITIONS = "DEBUG $(inherited)";
				SWIFT_OPTIMIZATION_LEVEL = "-Onone";
			};
			name = Debug;
		};
		019BEAA92D624D4900ABA73D /* Release */ = {
			isa = XCBuildConfiguration;
			buildSettings = {
				ALWAYS_SEARCH_USER_PATHS = NO;
				ASSETCATALOG_COMPILER_GENERATE_SWIFT_ASSET_SYMBOL_EXTENSIONS = YES;
				CLANG_ANALYZER_NONNULL = YES;
				CLANG_ANALYZER_NUMBER_OBJECT_CONVERSION = YES_AGGRESSIVE;
				CLANG_CXX_LANGUAGE_STANDARD = "gnu++20";
				CLANG_ENABLE_MODULES = YES;
				CLANG_ENABLE_OBJC_ARC = YES;
				CLANG_ENABLE_OBJC_WEAK = YES;
				CLANG_WARN_BLOCK_CAPTURE_AUTORELEASING = YES;
				CLANG_WARN_BOOL_CONVERSION = YES;
				CLANG_WARN_COMMA = YES;
				CLANG_WARN_CONSTANT_CONVERSION = YES;
				CLANG_WARN_DEPRECATED_OBJC_IMPLEMENTATIONS = YES;
				CLANG_WARN_DIRECT_OBJC_ISA_USAGE = YES_ERROR;
				CLANG_WARN_DOCUMENTATION_COMMENTS = YES;
				CLANG_WARN_EMPTY_BODY = YES;
				CLANG_WARN_ENUM_CONVERSION = YES;
				CLANG_WARN_INFINITE_RECURSION = YES;
				CLANG_WARN_INT_CONVERSION = YES;
				CLANG_WARN_NON_LITERAL_NULL_CONVERSION = YES;
				CLANG_WARN_OBJC_IMPLICIT_RETAIN_SELF = YES;
				CLANG_WARN_OBJC_LITERAL_CONVERSION = YES;
				CLANG_WARN_OBJC_ROOT_CLASS = YES_ERROR;
				CLANG_WARN_QUOTED_INCLUDE_IN_FRAMEWORK_HEADER = YES;
				CLANG_WARN_RANGE_LOOP_ANALYSIS = YES;
				CLANG_WARN_STRICT_PROTOTYPES = YES;
				CLANG_WARN_SUSPICIOUS_MOVE = YES;
				CLANG_WARN_UNGUARDED_AVAILABILITY = YES_AGGRESSIVE;
				CLANG_WARN_UNREACHABLE_CODE = YES;
				CLANG_WARN__DUPLICATE_METHOD_MATCH = YES;
				COPY_PHASE_STRIP = NO;
				DEBUG_INFORMATION_FORMAT = "dwarf-with-dsym";
				ENABLE_NS_ASSERTIONS = NO;
				ENABLE_STRICT_OBJC_MSGSEND = YES;
				ENABLE_USER_SCRIPT_SANDBOXING = YES;
				GCC_C_LANGUAGE_STANDARD = gnu17;
				GCC_NO_COMMON_BLOCKS = YES;
				GCC_WARN_64_TO_32_BIT_CONVERSION = YES;
				GCC_WARN_ABOUT_RETURN_TYPE = YES_ERROR;
				GCC_WARN_UNDECLARED_SELECTOR = YES;
				GCC_WARN_UNINITIALIZED_AUTOS = YES_AGGRESSIVE;
				GCC_WARN_UNUSED_FUNCTION = YES;
				GCC_WARN_UNUSED_VARIABLE = YES;
				IPHONEOS_DEPLOYMENT_TARGET = 18.1;
				LOCALIZATION_PREFERS_STRING_CATALOGS = YES;
				MTL_ENABLE_DEBUG_INFO = NO;
				MTL_FAST_MATH = YES;
				SDKROOT = iphoneos;
				SWIFT_COMPILATION_MODE = wholemodule;
				VALIDATE_PRODUCT = YES;
			};
			name = Release;
		};
		019BEAAB2D624D4900ABA73D /* Debug */ = {
			isa = XCBuildConfiguration;
			buildSettings = {
				ASSETCATALOG_COMPILER_APPICON_NAME = AppIcon;
				ASSETCATALOG_COMPILER_GLOBAL_ACCENT_COLOR_NAME = AccentColor;
				CODE_SIGN_STYLE = Automatic;
				CURRENT_PROJECT_VERSION = 1;
				DEVELOPMENT_ASSET_PATHS = "\"WeTag/Preview Content\"";
				DEVELOPMENT_TEAM = B9KMJ3NRM7;
				ENABLE_PREVIEWS = YES;
				GENERATE_INFOPLIST_FILE = YES;
				INFOPLIST_KEY_NSLocationWhenInUseUsageDescription = "Add your location to your photo tags.";
				INFOPLIST_KEY_UIApplicationSceneManifest_Generation = YES;
				INFOPLIST_KEY_UIApplicationSupportsIndirectInputEvents = YES;
				INFOPLIST_KEY_UILaunchScreen_Generation = YES;
				INFOPLIST_KEY_UISupportedInterfaceOrientations_iPad = "UIInterfaceOrientationPortrait UIInterfaceOrientationPortraitUpsideDown UIInterfaceOrientationLandscapeLeft UIInterfaceOrientationLandscapeRight";
				INFOPLIST_KEY_UISupportedInterfaceOrientations_iPhone = "UIInterfaceOrientationPortrait UIInterfaceOrientationLandscapeLeft UIInterfaceOrientationLandscapeRight";
				LD_RUNPATH_SEARCH_PATHS = (
					"$(inherited)",
					"@executable_path/Frameworks",
				);
				MARKETING_VERSION = 1.0;
				PRODUCT_BUNDLE_IDENTIFIER = com.mottapplications.WeTag;
				PRODUCT_NAME = "$(TARGET_NAME)";
				SWIFT_EMIT_LOC_STRINGS = YES;
				SWIFT_VERSION = 5.0;
				TARGETED_DEVICE_FAMILY = "1,2";
			};
			name = Debug;
		};
		019BEAAC2D624D4900ABA73D /* Release */ = {
			isa = XCBuildConfiguration;
			buildSettings = {
				ASSETCATALOG_COMPILER_APPICON_NAME = AppIcon;
				ASSETCATALOG_COMPILER_GLOBAL_ACCENT_COLOR_NAME = AccentColor;
				CODE_SIGN_STYLE = Automatic;
				CURRENT_PROJECT_VERSION = 1;
				DEVELOPMENT_ASSET_PATHS = "\"WeTag/Preview Content\"";
				DEVELOPMENT_TEAM = B9KMJ3NRM7;
				ENABLE_PREVIEWS = YES;
				GENERATE_INFOPLIST_FILE = YES;
				INFOPLIST_KEY_NSLocationWhenInUseUsageDescription = "Add your location to your photo tags.";
				INFOPLIST_KEY_UIApplicationSceneManifest_Generation = YES;
				INFOPLIST_KEY_UIApplicationSupportsIndirectInputEvents = YES;
				INFOPLIST_KEY_UILaunchScreen_Generation = YES;
				INFOPLIST_KEY_UISupportedInterfaceOrientations_iPad = "UIInterfaceOrientationPortrait UIInterfaceOrientationPortraitUpsideDown UIInterfaceOrientationLandscapeLeft UIInterfaceOrientationLandscapeRight";
				INFOPLIST_KEY_UISupportedInterfaceOrientations_iPhone = "UIInterfaceOrientationPortrait UIInterfaceOrientationLandscapeLeft UIInterfaceOrientationLandscapeRight";
				LD_RUNPATH_SEARCH_PATHS = (
					"$(inherited)",
					"@executable_path/Frameworks",
				);
				MARKETING_VERSION = 1.0;
				PRODUCT_BUNDLE_IDENTIFIER = com.mottapplications.WeTag;
				PRODUCT_NAME = "$(TARGET_NAME)";
				SWIFT_EMIT_LOC_STRINGS = YES;
				SWIFT_VERSION = 5.0;
				TARGETED_DEVICE_FAMILY = "1,2";
			};
			name = Release;
		};
		019BEAAE2D624D4900ABA73D /* Debug */ = {
			isa = XCBuildConfiguration;
			buildSettings = {
				BUNDLE_LOADER = "$(TEST_HOST)";
				CODE_SIGN_STYLE = Automatic;
				CURRENT_PROJECT_VERSION = 1;
				DEVELOPMENT_TEAM = B9KMJ3NRM7;
				GENERATE_INFOPLIST_FILE = YES;
				IPHONEOS_DEPLOYMENT_TARGET = 18.1;
				MARKETING_VERSION = 1.0;
				PRODUCT_BUNDLE_IDENTIFIER = com.mottapplications.WeTagTests;
				PRODUCT_NAME = "$(TARGET_NAME)";
				SWIFT_EMIT_LOC_STRINGS = NO;
				SWIFT_VERSION = 5.0;
				TARGETED_DEVICE_FAMILY = "1,2";
				TEST_HOST = "$(BUILT_PRODUCTS_DIR)/WeTag.app/$(BUNDLE_EXECUTABLE_FOLDER_PATH)/WeTag";
			};
			name = Debug;
		};
		019BEAAF2D624D4900ABA73D /* Release */ = {
			isa = XCBuildConfiguration;
			buildSettings = {
				BUNDLE_LOADER = "$(TEST_HOST)";
				CODE_SIGN_STYLE = Automatic;
				CURRENT_PROJECT_VERSION = 1;
				DEVELOPMENT_TEAM = B9KMJ3NRM7;
				GENERATE_INFOPLIST_FILE = YES;
				IPHONEOS_DEPLOYMENT_TARGET = 18.1;
				MARKETING_VERSION = 1.0;
				PRODUCT_BUNDLE_IDENTIFIER = com.mottapplications.WeTagTests;
				PRODUCT_NAME = "$(TARGET_NAME)";
				SWIFT_EMIT_LOC_STRINGS = NO;
				SWIFT_VERSION = 5.0;
				TARGETED_DEVICE_FAMILY = "1,2";
				TEST_HOST = "$(BUILT_PRODUCTS_DIR)/WeTag.app/$(BUNDLE_EXECUTABLE_FOLDER_PATH)/WeTag";
			};
			name = Release;
		};
		019BEAB12D624D4900ABA73D /* Debug */ = {
			isa = XCBuildConfiguration;
			buildSettings = {
				CODE_SIGN_STYLE = Automatic;
				CURRENT_PROJECT_VERSION = 1;
				DEVELOPMENT_TEAM = B9KMJ3NRM7;
				GENERATE_INFOPLIST_FILE = YES;
				MARKETING_VERSION = 1.0;
				PRODUCT_BUNDLE_IDENTIFIER = com.mottapplications.WeTagUITests;
				PRODUCT_NAME = "$(TARGET_NAME)";
				SWIFT_EMIT_LOC_STRINGS = NO;
				SWIFT_VERSION = 5.0;
				TARGETED_DEVICE_FAMILY = "1,2";
				TEST_TARGET_NAME = WeTag;
			};
			name = Debug;
		};
		019BEAB22D624D4900ABA73D /* Release */ = {
			isa = XCBuildConfiguration;
			buildSettings = {
				CODE_SIGN_STYLE = Automatic;
				CURRENT_PROJECT_VERSION = 1;
				DEVELOPMENT_TEAM = B9KMJ3NRM7;
				GENERATE_INFOPLIST_FILE = YES;
				MARKETING_VERSION = 1.0;
				PRODUCT_BUNDLE_IDENTIFIER = com.mottapplications.WeTagUITests;
				PRODUCT_NAME = "$(TARGET_NAME)";
				SWIFT_EMIT_LOC_STRINGS = NO;
				SWIFT_VERSION = 5.0;
				TARGETED_DEVICE_FAMILY = "1,2";
				TEST_TARGET_NAME = WeTag;
			};
			name = Release;
		};
/* End XCBuildConfiguration section */

/* Begin XCConfigurationList section */
		019BEA812D624D4700ABA73D /* Build configuration list for PBXProject "WeTag" */ = {
			isa = XCConfigurationList;
			buildConfigurations = (
				019BEAA82D624D4900ABA73D /* Debug */,
				019BEAA92D624D4900ABA73D /* Release */,
			);
			defaultConfigurationIsVisible = 0;
			defaultConfigurationName = Release;
		};
		019BEAAA2D624D4900ABA73D /* Build configuration list for PBXNativeTarget "WeTag" */ = {
			isa = XCConfigurationList;
			buildConfigurations = (
				019BEAAB2D624D4900ABA73D /* Debug */,
				019BEAAC2D624D4900ABA73D /* Release */,
			);
			defaultConfigurationIsVisible = 0;
			defaultConfigurationName = Release;
		};
		019BEAAD2D624D4900ABA73D /* Build configuration list for PBXNativeTarget "WeTagTests" */ = {
			isa = XCConfigurationList;
			buildConfigurations = (
				019BEAAE2D624D4900ABA73D /* Debug */,
				019BEAAF2D624D4900ABA73D /* Release */,
			);
			defaultConfigurationIsVisible = 0;
			defaultConfigurationName = Release;
		};
		019BEAB02D624D4900ABA73D /* Build configuration list for PBXNativeTarget "WeTagUITests" */ = {
			isa = XCConfigurationList;
			buildConfigurations = (
				019BEAB12D624D4900ABA73D /* Debug */,
				019BEAB22D624D4900ABA73D /* Release */,
			);
			defaultConfigurationIsVisible = 0;
			defaultConfigurationName = Release;
		};
/* End XCConfigurationList section */
	};
	rootObject = 019BEA7E2D624D4700ABA73D /* Project object */;
}
